
Microsoft Visual Studio Solution File, Format Version 12.00
# Visual Studio 14
VisualStudioVersion = 14.0.25420.1
MinimumVisualStudioVersion = 10.0.40219.1
Project("{FAE04EC0-301F-11D3-BF4B-00C04F79EFBC}") = "ProblemStatement1", "ProblemStatement1\ProblemStatement1.csproj", "{2A87E0EF-03A4-486F-9504-04A366D86849}"
EndProject
Project("{FAE04EC0-301F-11D3-BF4B-00C04F79EFBC}") = "ProblemStatement1Tests", "ProblemStatement1Tests\ProblemStatement1Tests.csproj", "{30575C89-F623-48B0-93A7-C659E0976858}"
EndProject
Global
	GlobalSection(SolutionConfigurationPlatforms) = preSolution
		Debug|Any CPU = Debug|Any CPU
		Release|Any CPU = Release|Any CPU
	EndGlobalSection
	GlobalSection(ProjectConfigurationPlatforms) = postSolution
		{2A87E0EF-03A4-486F-9504-04A366D86849}.Debug|Any CPU.ActiveCfg = Debug|Any CPU
		{2A87E0EF-03A4-486F-9504-04A366D86849}.Debug|Any CPU.Build.0 = Debug|Any CPU
		{2A87E0EF-03A4-486F-9504-04A366D86849}.Release|Any CPU.ActiveCfg = Release|Any CPU
		{2A87E0EF-03A4-486F-9504-04A366D86849}.Release|Any CPU.Build.0 = Release|Any CPU
		{30575C89-F623-48B0-93A7-C659E0976858}.Debug|Any CPU.ActiveCfg = Debug|Any CPU
		{30575C89-F623-48B0-93A7-C659E0976858}.Debug|Any CPU.Build.0 = Debug|Any CPU
		{30575C89-F623-48B0-93A7-C659E0976858}.Release|Any CPU.ActiveCfg = Release|Any CPU
		{30575C89-F623-48B0-93A7-C659E0976858}.Release|Any CPU.Build.0 = Release|Any CPU
	EndGlobalSection
	GlobalSection(SolutionProperties) = preSolution
		HideSolutionNode = FALSE
	EndGlobalSection
EndGlobal
